
Microsoft Visual Studio Solution File, Format Version 12.00
# Visual Studio Version 16
VisualStudioVersion = 16.0.30711.63
MinimumVisualStudioVersion = 10.0.40219.1
Project("{FAE04EC0-301F-11D3-BF4B-00C04F79EFBC}") = "CarpetAndFloor", "CarpetAndFloor.csproj", "{74CD0643-6B79-4ACD-895F-3A29AF45FEB9}"
EndProject
Global
	GlobalSection(SolutionConfigurationPlatforms) = preSolution
		Debug|Any CPU = Debug|Any CPU
		Release|Any CPU = Release|Any CPU
	EndGlobalSection
	GlobalSection(ProjectConfigurationPlatforms) = postSolution
		{74CD0643-6B79-4ACD-895F-3A29AF45FEB9}.Debug|Any CPU.ActiveCfg = Debug|Any CPU
		{74CD0643-6B79-4ACD-895F-3A29AF45FEB9}.Debug|Any CPU.Build.0 = Debug|Any CPU
		{74CD0643-6B79-4ACD-895F-3A29AF45FEB9}.Release|Any CPU.ActiveCfg = Release|Any CPU
		{74CD0643-6B79-4ACD-895F-3A29AF45FEB9}.Release|Any CPU.Build.0 = Release|Any CPU
	EndGlobalSection
	GlobalSection(SolutionProperties) = preSolution
		HideSolutionNode = FALSE
	EndGlobalSection
	GlobalSection(ExtensibilityGlobals) = postSolution
		SolutionGuid = {5A8F8D37-283D-422F-9A97-481D584C2966}
	EndGlobalSection
EndGlobal
